
Microsoft Visual Studio Solution File, Format Version 12.00
# Visual Studio Version 16
VisualStudioVersion = 16.0.30804.86
MinimumVisualStudioVersion = 10.0.40219.1
Project("{FAE04EC0-301F-11D3-BF4B-00C04F79EFBC}") = "StringCalculator.test", "StringCalculator.test\StringCalculator.test.csproj", "{CF50F405-64C4-4B8F-B591-31C46B91F775}"
EndProject
Global
	GlobalSection(SolutionConfigurationPlatforms) = preSolution
		Debug|Any CPU = Debug|Any CPU
		Release|Any CPU = Release|Any CPU
	EndGlobalSection
	GlobalSection(ProjectConfigurationPlatforms) = postSolution
		{CF50F405-64C4-4B8F-B591-31C46B91F775}.Debug|Any CPU.ActiveCfg = Debug|Any CPU
		{CF50F405-64C4-4B8F-B591-31C46B91F775}.Debug|Any CPU.Build.0 = Debug|Any CPU
		{CF50F405-64C4-4B8F-B591-31C46B91F775}.Release|Any CPU.ActiveCfg = Release|Any CPU
		{CF50F405-64C4-4B8F-B591-31C46B91F775}.Release|Any CPU.Build.0 = Release|Any CPU
	EndGlobalSection
	GlobalSection(SolutionProperties) = preSolution
		HideSolutionNode = FALSE
	EndGlobalSection
	GlobalSection(ExtensibilityGlobals) = postSolution
		SolutionGuid = {C013E501-BAB4-4D78-9044-1B149B8D1F7A}
	EndGlobalSection
EndGlobal
